
Microsoft Visual Studio Solution File, Format Version 12.00
# Visual Studio 15
VisualStudioVersion = 15.0.28010.2048
MinimumVisualStudioVersion = 10.0.40219.1
Project("{FAE04EC0-301F-11D3-BF4B-00C04F79EFBC}") = "TestDb.Konsol.App", "TestDb.Konsol.App\TestDb.Konsol.App.csproj", "{7938614D-0DDC-4AAE-837B-C0DCB498D1A8}"
EndProject
Project("{9A19103F-16F7-4668-BE54-9A1E7A4F7556}") = "GAzi.Sube2.CollectionApp", "GAzi.Sube2.CollectionApp\GAzi.Sube2.CollectionApp.csproj", "{8BD2B7E0-1082-445F-B988-7C40DE74914E}"
EndProject
Project("{FAE04EC0-301F-11D3-BF4B-00C04F79EFBC}") = "Gazi.KazanMyo.DAL", "Gazi.KazanMyo.DAL\Gazi.KazanMyo.DAL.csproj", "{8224FE23-EE9F-420D-A819-125658C2DD96}"
EndProject
Project("{FAE04EC0-301F-11D3-BF4B-00C04F79EFBC}") = "Gazi.KazanMyo.BLL", "Gazi.KazanMyo.BLL\Gazi.KazanMyo.BLL.csproj", "{699B0825-F602-47EF-8104-ABD56C221CE4}"
EndProject
Project("{FAE04EC0-301F-11D3-BF4B-00C04F79EFBC}") = "Gazi.KazanMyo.MODEL", "Gazi.KazanMyo.Model\Gazi.KazanMyo.MODEL.csproj", "{225FDDBB-012E-49E3-AB3F-BDE67204AA82}"
EndProject
Global
	GlobalSection(SolutionConfigurationPlatforms) = preSolution
		Debug|Any CPU = Debug|Any CPU
		Release|Any CPU = Release|Any CPU
	EndGlobalSection
	GlobalSection(ProjectConfigurationPlatforms) = postSolution
		{7938614D-0DDC-4AAE-837B-C0DCB498D1A8}.Debug|Any CPU.ActiveCfg = Debug|Any CPU
		{7938614D-0DDC-4AAE-837B-C0DCB498D1A8}.Debug|Any CPU.Build.0 = Debug|Any CPU
		{7938614D-0DDC-4AAE-837B-C0DCB498D1A8}.Release|Any CPU.ActiveCfg = Release|Any CPU
		{7938614D-0DDC-4AAE-837B-C0DCB498D1A8}.Release|Any CPU.Build.0 = Release|Any CPU
		{8BD2B7E0-1082-445F-B988-7C40DE74914E}.Debug|Any CPU.ActiveCfg = Debug|Any CPU
		{8BD2B7E0-1082-445F-B988-7C40DE74914E}.Debug|Any CPU.Build.0 = Debug|Any CPU
		{8BD2B7E0-1082-445F-B988-7C40DE74914E}.Release|Any CPU.ActiveCfg = Release|Any CPU
		{8BD2B7E0-1082-445F-B988-7C40DE74914E}.Release|Any CPU.Build.0 = Release|Any CPU
		{8224FE23-EE9F-420D-A819-125658C2DD96}.Debug|Any CPU.ActiveCfg = Debug|Any CPU
		{8224FE23-EE9F-420D-A819-125658C2DD96}.Debug|Any CPU.Build.0 = Debug|Any CPU
		{8224FE23-EE9F-420D-A819-125658C2DD96}.Release|Any CPU.ActiveCfg = Release|Any CPU
		{8224FE23-EE9F-420D-A819-125658C2DD96}.Release|Any CPU.Build.0 = Release|Any CPU
		{699B0825-F602-47EF-8104-ABD56C221CE4}.Debug|Any CPU.ActiveCfg = Debug|Any CPU
		{699B0825-F602-47EF-8104-ABD56C221CE4}.Debug|Any CPU.Build.0 = Debug|Any CPU
		{699B0825-F602-47EF-8104-ABD56C221CE4}.Release|Any CPU.ActiveCfg = Release|Any CPU
		{699B0825-F602-47EF-8104-ABD56C221CE4}.Release|Any CPU.Build.0 = Release|Any CPU
		{225FDDBB-012E-49E3-AB3F-BDE67204AA82}.Debug|Any CPU.ActiveCfg = Debug|Any CPU
		{225FDDBB-012E-49E3-AB3F-BDE67204AA82}.Debug|Any CPU.Build.0 = Debug|Any CPU
		{225FDDBB-012E-49E3-AB3F-BDE67204AA82}.Release|Any CPU.ActiveCfg = Release|Any CPU
		{225FDDBB-012E-49E3-AB3F-BDE67204AA82}.Release|Any CPU.Build.0 = Release|Any CPU
	EndGlobalSection
	GlobalSection(SolutionProperties) = preSolution
		HideSolutionNode = FALSE
	EndGlobalSection
	GlobalSection(ExtensibilityGlobals) = postSolution
		SolutionGuid = {26DDEFFE-1E86-4FBF-9D7F-92AE3D89AE5D}
	EndGlobalSection
EndGlobal
